
Microsoft Visual Studio Solution File, Format Version 12.00
# Visual Studio 15
VisualStudioVersion = 15.0.28307.329
MinimumVisualStudioVersion = 10.0.40219.1
Project("{F184B08F-C81C-45F6-A57F-5ABD9991F28F}") = "dynamische labels aanmaken", "dynamische labels aanmaken\dynamische labels aanmaken.vbproj", "{9CBECAFE-E8BB-4D42-8A43-478D25E72BE9}"
EndProject
Global
	GlobalSection(SolutionConfigurationPlatforms) = preSolution
		Debug|Any CPU = Debug|Any CPU
		Release|Any CPU = Release|Any CPU
	EndGlobalSection
	GlobalSection(ProjectConfigurationPlatforms) = postSolution
		{9CBECAFE-E8BB-4D42-8A43-478D25E72BE9}.Debug|Any CPU.ActiveCfg = Debug|Any CPU
		{9CBECAFE-E8BB-4D42-8A43-478D25E72BE9}.Debug|Any CPU.Build.0 = Debug|Any CPU
		{9CBECAFE-E8BB-4D42-8A43-478D25E72BE9}.Release|Any CPU.ActiveCfg = Release|Any CPU
		{9CBECAFE-E8BB-4D42-8A43-478D25E72BE9}.Release|Any CPU.Build.0 = Release|Any CPU
	EndGlobalSection
	GlobalSection(SolutionProperties) = preSolution
		HideSolutionNode = FALSE
	EndGlobalSection
	GlobalSection(ExtensibilityGlobals) = postSolution
		SolutionGuid = {1B62327D-0A2D-470C-B7A7-B7810228EA20}
	EndGlobalSection
EndGlobal
